
Microsoft Visual Studio Solution File, Format Version 12.00
# Visual Studio 15
VisualStudioVersion = 15.0.26730.16
MinimumVisualStudioVersion = 10.0.40219.1
Project("{FAE04EC0-301F-11D3-BF4B-00C04F79EFBC}") = "GISServer", "GISServer\GISServer.csproj", "{2D626457-D3B4-42FA-B855-D4928D8912BA}"
EndProject
Global
	GlobalSection(SolutionConfigurationPlatforms) = preSolution
		Debug|Any CPU = Debug|Any CPU
		Release|Any CPU = Release|Any CPU
	EndGlobalSection
	GlobalSection(ProjectConfigurationPlatforms) = postSolution
		{2D626457-D3B4-42FA-B855-D4928D8912BA}.Debug|Any CPU.ActiveCfg = Debug|Any CPU
		{2D626457-D3B4-42FA-B855-D4928D8912BA}.Debug|Any CPU.Build.0 = Debug|Any CPU
		{2D626457-D3B4-42FA-B855-D4928D8912BA}.Release|Any CPU.ActiveCfg = Release|Any CPU
		{2D626457-D3B4-42FA-B855-D4928D8912BA}.Release|Any CPU.Build.0 = Release|Any CPU
	EndGlobalSection
	GlobalSection(SolutionProperties) = preSolution
		HideSolutionNode = FALSE
	EndGlobalSection
	GlobalSection(ExtensibilityGlobals) = postSolution
		SolutionGuid = {FA6F73CD-A775-48DD-BAEA-93BC966C2AC0}
	EndGlobalSection
EndGlobal
